
Microsoft Visual Studio Solution File, Format Version 12.00
# Visual Studio Version 17
VisualStudioVersion = 17.5.33530.505
MinimumVisualStudioVersion = 10.0.40219.1
Project("{FAE04EC0-301F-11D3-BF4B-00C04F79EFBC}") = "QLBANSACH", "QLBANSACH\QLBANSACH.csproj", "{7434BACA-744F-4E14-A62C-2AF45F9A9ACC}"
EndProject
Global
	GlobalSection(SolutionConfigurationPlatforms) = preSolution
		Debug|Any CPU = Debug|Any CPU
		Release|Any CPU = Release|Any CPU
	EndGlobalSection
	GlobalSection(ProjectConfigurationPlatforms) = postSolution
		{7434BACA-744F-4E14-A62C-2AF45F9A9ACC}.Debug|Any CPU.ActiveCfg = Debug|Any CPU
		{7434BACA-744F-4E14-A62C-2AF45F9A9ACC}.Debug|Any CPU.Build.0 = Debug|Any CPU
		{7434BACA-744F-4E14-A62C-2AF45F9A9ACC}.Release|Any CPU.ActiveCfg = Release|Any CPU
		{7434BACA-744F-4E14-A62C-2AF45F9A9ACC}.Release|Any CPU.Build.0 = Release|Any CPU
	EndGlobalSection
	GlobalSection(SolutionProperties) = preSolution
		HideSolutionNode = FALSE
	EndGlobalSection
	GlobalSection(ExtensibilityGlobals) = postSolution
		SolutionGuid = {DDC37B4F-7EB9-4BEA-8DA9-B21BC1866ABA}
	EndGlobalSection
EndGlobal
